// !$*UTF8*$!
{
	archiveVersion = 1;
	classes = {
	};
	objectVersion = 46;
	objects = {

/* Begin PBXBuildFile section */
		72AA02151C2984FB00838382 /* SnippetsTests.m in Sources */ = {isa = PBXBuildFile; fileRef = 72AA02141C2984FB00838382 /* SnippetsTests.m */; };
		72AA02211C29860F00838382 /* NSArray+SnippetsTests.m in Sources */ = {isa = PBXBuildFile; fileRef = 72AA02201C29860F00838382 /* NSArray+SnippetsTests.m */; };
		72B493381C2AEAE200ED8769 /* Documents in Resources */ = {isa = PBXBuildFile; fileRef = 72B493371C2AEAE200ED8769 /* Documents */; };
		72F7F9D31C29787000B16D76 /* AppDelegate.m in Sources */ = {isa = PBXBuildFile; fileRef = 72F7F9D21C29787000B16D76 /* AppDelegate.m */; };
		72F7F9D61C29787000B16D76 /* main.m in Sources */ = {isa = PBXBuildFile; fileRef = 72F7F9D51C29787000B16D76 /* main.m */; };
		72F7F9D81C29787000B16D76 /* Assets.xcassets in Resources */ = {isa = PBXBuildFile; fileRef = 72F7F9D71C29787000B16D76 /* Assets.xcassets */; };
		72F7F9DB1C29787000B16D76 /* MainMenu.xib in Resources */ = {isa = PBXBuildFile; fileRef = 72F7F9D91C29787000B16D76 /* MainMenu.xib */; };
		9B445FC01C2B4BA300AED5AA /* NSArray+Snippets.m in Sources */ = {isa = PBXBuildFile; fileRef = 9B445FBF1C2B4BA300AED5AA /* NSArray+Snippets.m */; };
		9B445FC31C2B4BBF00AED5AA /* NSString+Version.m in Sources */ = {isa = PBXBuildFile; fileRef = 9B445FC21C2B4BBF00AED5AA /* NSString+Version.m */; };
/* End PBXBuildFile section */

/* Begin PBXContainerItemProxy section */
		72AA02171C2984FB00838382 /* PBXContainerItemProxy */ = {
			isa = PBXContainerItemProxy;
			containerPortal = 72F7F9C61C29787000B16D76 /* Project object */;
			proxyType = 1;
			remoteGlobalIDString = 72F7F9CD1C29787000B16D76;
			remoteInfo = Snippets;
		};
/* End PBXContainerItemProxy section */

/* Begin PBXFileReference section */
		72AA01FD1C29826200838382 /* javascript.js */ = {isa = PBXFileReference; fileEncoding = 4; lastKnownFileType = sourcecode.javascript; name = javascript.js; path = Files/Javascript/javascript.js; sourceTree = SOURCE_ROOT; };
		72AA02001C2982A300838382 /* textureUnit.m */ = {isa = PBXFileReference; fileEncoding = 4; lastKnownFileType = sourcecode.c.objc; name = textureUnit.m; path = Files/objc/textureUnit.m; sourceTree = SOURCE_ROOT; };
		72AA02121C2984FB00838382 /* SnippetsTests.xctest */ = {isa = PBXFileReference; explicitFileType = wrapper.cfbundle; includeInIndex = 0; path = SnippetsTests.xctest; sourceTree = BUILT_PRODUCTS_DIR; };
		72AA02141C2984FB00838382 /* SnippetsTests.m */ = {isa = PBXFileReference; lastKnownFileType = sourcecode.c.objc; path = SnippetsTests.m; sourceTree = "<group>"; };
		72AA02161C2984FB00838382 /* Info.plist */ = {isa = PBXFileReference; lastKnownFileType = text.plist.xml; path = Info.plist; sourceTree = "<group>"; };
		72AA02201C29860F00838382 /* NSArray+SnippetsTests.m */ = {isa = PBXFileReference; fileEncoding = 4; lastKnownFileType = sourcecode.c.objc; name = "NSArray+SnippetsTests.m"; path = "Files/objc/NSArray+Snippets/NSArray+SnippetsTests.m"; sourceTree = SOURCE_ROOT; };
		72B493371C2AEAE200ED8769 /* Documents */ = {isa = PBXFileReference; lastKnownFileType = folder; path = Documents; sourceTree = SOURCE_ROOT; };
		72F7F9CE1C29787000B16D76 /* Snippets.app */ = {isa = PBXFileReference; explicitFileType = wrapper.application; includeInIndex = 0; path = Snippets.app; sourceTree = BUILT_PRODUCTS_DIR; };
		72F7F9D11C29787000B16D76 /* AppDelegate.h */ = {isa = PBXFileReference; lastKnownFileType = sourcecode.c.h; path = AppDelegate.h; sourceTree = "<group>"; };
		72F7F9D21C29787000B16D76 /* AppDelegate.m */ = {isa = PBXFileReference; lastKnownFileType = sourcecode.c.objc; path = AppDelegate.m; sourceTree = "<group>"; };
		72F7F9D51C29787000B16D76 /* main.m */ = {isa = PBXFileReference; lastKnownFileType = sourcecode.c.objc; path = main.m; sourceTree = "<group>"; };
		72F7F9D71C29787000B16D76 /* Assets.xcassets */ = {isa = PBXFileReference; lastKnownFileType = folder.assetcatalog; path = Assets.xcassets; sourceTree = "<group>"; };
		72F7F9DA1C29787000B16D76 /* Base */ = {isa = PBXFileReference; lastKnownFileType = file.xib; name = Base; path = Base.lproj/MainMenu.xib; sourceTree = "<group>"; };
		72F7F9DC1C29787000B16D76 /* Info.plist */ = {isa = PBXFileReference; lastKnownFileType = text.plist.xml; path = Info.plist; sourceTree = "<group>"; };
		9B445FBE1C2B4BA300AED5AA /* NSArray+Snippets.h */ = {isa = PBXFileReference; fileEncoding = 4; lastKnownFileType = sourcecode.c.h; name = "NSArray+Snippets.h"; path = "Files/objc/NSArray/NSArray+Snippets.h"; sourceTree = SOURCE_ROOT; };
		9B445FBF1C2B4BA300AED5AA /* NSArray+Snippets.m */ = {isa = PBXFileReference; fileEncoding = 4; lastKnownFileType = sourcecode.c.objc; name = "NSArray+Snippets.m"; path = "Files/objc/NSArray/NSArray+Snippets.m"; sourceTree = SOURCE_ROOT; };
		9B445FC11C2B4BBF00AED5AA /* NSString+Version.h */ = {isa = PBXFileReference; fileEncoding = 4; lastKnownFileType = sourcecode.c.h; name = "NSString+Version.h"; path = "Files/objc/NSString/NSString+Version.h"; sourceTree = SOURCE_ROOT; };
		9B445FC21C2B4BBF00AED5AA /* NSString+Version.m */ = {isa = PBXFileReference; fileEncoding = 4; lastKnownFileType = sourcecode.c.objc; name = "NSString+Version.m"; path = "Files/objc/NSString/NSString+Version.m"; sourceTree = SOURCE_ROOT; };
		9B445FC41C2B4CE900AED5AA /* CommonFunctions.m */ = {isa = PBXFileReference; fileEncoding = 4; lastKnownFileType = sourcecode.c.objc; name = CommonFunctions.m; path = Files/objc/CommonFunctions.m; sourceTree = SOURCE_ROOT; };
/* End PBXFileReference section */

/* Begin PBXFrameworksBuildPhase section */
		72AA020F1C2984FB00838382 /* Frameworks */ = {
			isa = PBXFrameworksBuildPhase;
			buildActionMask = 2147483647;
			files = (
			);
			runOnlyForDeploymentPostprocessing = 0;
		};
		72F7F9CB1C29787000B16D76 /* Frameworks */ = {
			isa = PBXFrameworksBuildPhase;
			buildActionMask = 2147483647;
			files = (
			);
			runOnlyForDeploymentPostprocessing = 0;
		};
/* End PBXFrameworksBuildPhase section */

/* Begin PBXGroup section */
		72AA01FB1C29824000838382 /* Files */ = {
			isa = PBXGroup;
			children = (
				72AA02231C298DF000838382 /* bash */,
				72AA01FF1C29828300838382 /* objc */,
				72AA01FC1C29825500838382 /* Javascript */,
			);
			name = Files;
			sourceTree = "<group>";
		};
		72AA01FC1C29825500838382 /* Javascript */ = {
			isa = PBXGroup;
			children = (
				72AA01FD1C29826200838382 /* javascript.js */,
			);
			name = Javascript;
			sourceTree = "<group>";
		};
		72AA01FF1C29828300838382 /* objc */ = {
			isa = PBXGroup;
			children = (
				72AA02061C29830600838382 /* NSArray */,
				72AA02091C29830600838382 /* NSString */,
				72AA02001C2982A300838382 /* textureUnit.m */,
				9B445FC41C2B4CE900AED5AA /* CommonFunctions.m */,
			);
			name = objc;
			sourceTree = "<group>";
		};
		72AA02061C29830600838382 /* NSArray */ = {
			isa = PBXGroup;
			children = (
				9B445FBE1C2B4BA300AED5AA /* NSArray+Snippets.h */,
				9B445FBF1C2B4BA300AED5AA /* NSArray+Snippets.m */,
			);
			name = NSArray;
			path = "Files/objc/NSArray+Snippets";
			sourceTree = SOURCE_ROOT;
		};
		72AA02091C29830600838382 /* NSString */ = {
			isa = PBXGroup;
			children = (
				9B445FC11C2B4BBF00AED5AA /* NSString+Version.h */,
				9B445FC21C2B4BBF00AED5AA /* NSString+Version.m */,
			);
			name = NSString;
			path = "Files/objc/NSString+Version";
			sourceTree = SOURCE_ROOT;
		};
		72AA02131C2984FB00838382 /* SnippetsTests */ = {
			isa = PBXGroup;
			children = (
				72AA02141C2984FB00838382 /* SnippetsTests.m */,
				72AA02201C29860F00838382 /* NSArray+SnippetsTests.m */,
				72AA02161C2984FB00838382 /* Info.plist */,
			);
			path = SnippetsTests;
			sourceTree = "<group>";
		};
		72AA02231C298DF000838382 /* bash */ = {
			isa = PBXGroup;
			children = (
			);
			name = bash;
			sourceTree = "<group>";
		};
		72F7F9C51C29787000B16D76 = {
			isa = PBXGroup;
			children = (
				72F7F9D01C29787000B16D76 /* Snippets */,
				72AA02131C2984FB00838382 /* SnippetsTests */,
				72F7F9CF1C29787000B16D76 /* Products */,
			);
			sourceTree = "<group>";
		};
		72F7F9CF1C29787000B16D76 /* Products */ = {
			isa = PBXGroup;
			children = (
				72F7F9CE1C29787000B16D76 /* Snippets.app */,
				72AA02121C2984FB00838382 /* SnippetsTests.xctest */,
			);
			name = Products;
			sourceTree = "<group>";
		};
		72F7F9D01C29787000B16D76 /* Snippets */ = {
			isa = PBXGroup;
			children = (
				72AA01FB1C29824000838382 /* Files */,
				72B493371C2AEAE200ED8769 /* Documents */,
				72F7F9D11C29787000B16D76 /* AppDelegate.h */,
				72F7F9D21C29787000B16D76 /* AppDelegate.m */,
				72F7F9D71C29787000B16D76 /* Assets.xcassets */,
				72F7F9D91C29787000B16D76 /* MainMenu.xib */,
				72F7F9DC1C29787000B16D76 /* Info.plist */,
				72F7F9D41C29787000B16D76 /* Supporting Files */,
			);
			path = Snippets;
			sourceTree = "<group>";
		};
		72F7F9D41C29787000B16D76 /* Supporting Files */ = {
			isa = PBXGroup;
			children = (
				72F7F9D51C29787000B16D76 /* main.m */,
			);
			name = "Supporting Files";
			sourceTree = "<group>";
		};
/* End PBXGroup section */

/* Begin PBXNativeTarget section */
		72AA02111C2984FB00838382 /* SnippetsTests */ = {
			isa = PBXNativeTarget;
			buildConfigurationList = 72AA02191C2984FB00838382 /* Build configuration list for PBXNativeTarget "SnippetsTests" */;
			buildPhases = (
				72AA020E1C2984FB00838382 /* Sources */,
				72AA020F1C2984FB00838382 /* Frameworks */,
				72AA02101C2984FB00838382 /* Resources */,
			);
			buildRules = (
			);
			dependencies = (
				72AA02181C2984FB00838382 /* PBXTargetDependency */,
			);
			name = SnippetsTests;
			productName = SnippetsTests;
			productReference = 72AA02121C2984FB00838382 /* SnippetsTests.xctest */;
			productType = "com.apple.product-type.bundle.unit-test";
		};
		72F7F9CD1C29787000B16D76 /* Snippets */ = {
			isa = PBXNativeTarget;
			buildConfigurationList = 72F7F9DF1C29787000B16D76 /* Build configuration list for PBXNativeTarget "Snippets" */;
			buildPhases = (
				72F7F9CA1C29787000B16D76 /* Sources */,
				72F7F9CB1C29787000B16D76 /* Frameworks */,
				72F7F9CC1C29787000B16D76 /* Resources */,
			);
			buildRules = (
			);
			dependencies = (
			);
			name = Snippets;
			productName = Snippets;
			productReference = 72F7F9CE1C29787000B16D76 /* Snippets.app */;
			productType = "com.apple.product-type.application";
		};
/* End PBXNativeTarget section */

/* Begin PBXProject section */
		72F7F9C61C29787000B16D76 /* Project object */ = {
			isa = PBXProject;
			attributes = {
				LastUpgradeCheck = 0720;
				ORGANIZATIONNAME = baevsoft;
				TargetAttributes = {
					72AA02111C2984FB00838382 = {
						CreatedOnToolsVersion = 7.2;
						TestTargetID = 72F7F9CD1C29787000B16D76;
					};
					72F7F9CD1C29787000B16D76 = {
						CreatedOnToolsVersion = 7.2;
					};
				};
			};
			buildConfigurationList = 72F7F9C91C29787000B16D76 /* Build configuration list for PBXProject "Snippets" */;
			compatibilityVersion = "Xcode 3.2";
			developmentRegion = English;
			hasScannedForEncodings = 0;
			knownRegions = (
				en,
				Base,
			);
			mainGroup = 72F7F9C51C29787000B16D76;
			productRefGroup = 72F7F9CF1C29787000B16D76 /* Products */;
			projectDirPath = "";
			projectRoot = "";
			targets = (
				72F7F9CD1C29787000B16D76 /* Snippets */,
				72AA02111C2984FB00838382 /* SnippetsTests */,
			);
		};
/* End PBXProject section */

/* Begin PBXResourcesBuildPhase section */
		72AA02101C2984FB00838382 /* Resources */ = {
			isa = PBXResourcesBuildPhase;
			buildActionMask = 2147483647;
			files = (
			);
			runOnlyForDeploymentPostprocessing = 0;
		};
		72F7F9CC1C29787000B16D76 /* Resources */ = {
			isa = PBXResourcesBuildPhase;
			buildActionMask = 2147483647;
			files = (
				72F7F9D81C29787000B16D76 /* Assets.xcassets in Resources */,
				72F7F9DB1C29787000B16D76 /* MainMenu.xib in Resources */,
				72B493381C2AEAE200ED8769 /* Documents in Resources */,
			);
			runOnlyForDeploymentPostprocessing = 0;
		};
/* End PBXResourcesBuildPhase section */

/* Begin PBXSourcesBuildPhase section */
		72AA020E1C2984FB00838382 /* Sources */ = {
			isa = PBXSourcesBuildPhase;
			buildActionMask = 2147483647;
			files = (
				72AA02211C29860F00838382 /* NSArray+SnippetsTests.m in Sources */,
				72AA02151C2984FB00838382 /* SnippetsTests.m in Sources */,
			);
			runOnlyForDeploymentPostprocessing = 0;
		};
		72F7F9CA1C29787000B16D76 /* Sources */ = {
			isa = PBXSourcesBuildPhase;
			buildActionMask = 2147483647;
			files = (
				72F7F9D61C29787000B16D76 /* main.m in Sources */,
				9B445FC31C2B4BBF00AED5AA /* NSString+Version.m in Sources */,
				9B445FC01C2B4BA300AED5AA /* NSArray+Snippets.m in Sources */,
				72F7F9D31C29787000B16D76 /* AppDelegate.m in Sources */,
			);
			runOnlyForDeploymentPostprocessing = 0;
		};
/* End PBXSourcesBuildPhase section */

/* Begin PBXTargetDependency section */
		72AA02181C2984FB00838382 /* PBXTargetDependency */ = {
			isa = PBXTargetDependency;
			target = 72F7F9CD1C29787000B16D76 /* Snippets */;
			targetProxy = 72AA02171C2984FB00838382 /* PBXContainerItemProxy */;
		};
/* End PBXTargetDependency section */

/* Begin PBXVariantGroup section */
		72F7F9D91C29787000B16D76 /* MainMenu.xib */ = {
			isa = PBXVariantGroup;
			children = (
				72F7F9DA1C29787000B16D76 /* Base */,
			);
			name = MainMenu.xib;
			sourceTree = "<group>";
		};
/* End PBXVariantGroup section */

/* Begin XCBuildConfiguration section */
		72AA021A1C2984FB00838382 /* Debug */ = {
			isa = XCBuildConfiguration;
			buildSettings = {
				BUNDLE_LOADER = "$(TEST_HOST)";
				COMBINE_HIDPI_IMAGES = YES;
				INFOPLIST_FILE = SnippetsTests/Info.plist;
				LD_RUNPATH_SEARCH_PATHS = "$(inherited) @executable_path/../Frameworks @loader_path/../Frameworks";
				PRODUCT_BUNDLE_IDENTIFIER = com.baevsoft.SnippetsTests;
				PRODUCT_NAME = "$(TARGET_NAME)";
				TEST_HOST = "$(BUILT_PRODUCTS_DIR)/Snippets.app/Contents/MacOS/Snippets";
			};
			name = Debug;
		};
		72AA021B1C2984FB00838382 /* Release */ = {
			isa = XCBuildConfiguration;
			buildSettings = {
				BUNDLE_LOADER = "$(TEST_HOST)";
				COMBINE_HIDPI_IMAGES = YES;
				INFOPLIST_FILE = SnippetsTests/Info.plist;
				LD_RUNPATH_SEARCH_PATHS = "$(inherited) @executable_path/../Frameworks @loader_path/../Frameworks";
				PRODUCT_BUNDLE_IDENTIFIER = com.baevsoft.SnippetsTests;
				PRODUCT_NAME = "$(TARGET_NAME)";
				TEST_HOST = "$(BUILT_PRODUCTS_DIR)/Snippets.app/Contents/MacOS/Snippets";
			};
			name = Release;
		};
		72F7F9DD1C29787000B16D76 /* Debug */ = {
			isa = XCBuildConfiguration;
			buildSettings = {
				ALWAYS_SEARCH_USER_PATHS = NO;
				CLANG_CXX_LANGUAGE_STANDARD = "gnu++0x";
				CLANG_CXX_LIBRARY = "libc++";
				CLANG_ENABLE_MODULES = YES;
				CLANG_ENABLE_OBJC_ARC = YES;
				CLANG_WARN_BOOL_CONVERSION = YES;
				CLANG_WARN_CONSTANT_CONVERSION = YES;
				CLANG_WARN_DIRECT_OBJC_ISA_USAGE = YES_ERROR;
				CLANG_WARN_EMPTY_BODY = YES;
				CLANG_WARN_ENUM_CONVERSION = YES;
				CLANG_WARN_INT_CONVERSION = YES;
				CLANG_WARN_OBJC_ROOT_CLASS = YES_ERROR;
				CLANG_WARN_UNREACHABLE_CODE = YES;
				CLANG_WARN__DUPLICATE_METHOD_MATCH = YES;
				CODE_SIGN_IDENTITY = "-";
				COPY_PHASE_STRIP = NO;
				DEBUG_INFORMATION_FORMAT = dwarf;
				ENABLE_STRICT_OBJC_MSGSEND = YES;
				ENABLE_TESTABILITY = YES;
				GCC_C_LANGUAGE_STANDARD = gnu99;
				GCC_DYNAMIC_NO_PIC = NO;
				GCC_NO_COMMON_BLOCKS = YES;
				GCC_OPTIMIZATION_LEVEL = 0;
				GCC_PREPROCESSOR_DEFINITIONS = (
					"DEBUG=1",
					"$(inherited)",
				);
				GCC_WARN_64_TO_32_BIT_CONVERSION = YES;
				GCC_WARN_ABOUT_RETURN_TYPE = YES_ERROR;
				GCC_WARN_UNDECLARED_SELECTOR = YES;
				GCC_WARN_UNINITIALIZED_AUTOS = YES_AGGRESSIVE;
				GCC_WARN_UNUSED_FUNCTION = YES;
				GCC_WARN_UNUSED_VARIABLE = YES;
				MACOSX_DEPLOYMENT_TARGET = 10.11;
				MTL_ENABLE_DEBUG_INFO = YES;
				ONLY_ACTIVE_ARCH = YES;
				SDKROOT = macosx;
			};
			name = Debug;
		};
		72F7F9DE1C29787000B16D76 /* Release */ = {
			isa = XCBuildConfiguration;
			buildSettings = {
				ALWAYS_SEARCH_USER_PATHS = NO;
				CLANG_CXX_LANGUAGE_STANDARD = "gnu++0x";
				CLANG_CXX_LIBRARY = "libc++";
				CLANG_ENABLE_MODULES = YES;
				CLANG_ENABLE_OBJC_ARC = YES;
				CLANG_WARN_BOOL_CONVERSION = YES;
				CLANG_WARN_CONSTANT_CONVERSION = YES;
				CLANG_WARN_DIRECT_OBJC_ISA_USAGE = YES_ERROR;
				CLANG_WARN_EMPTY_BODY = YES;
				CLANG_WARN_ENUM_CONVERSION = YES;
				CLANG_WARN_INT_CONVERSION = YES;
				CLANG_WARN_OBJC_ROOT_CLASS = YES_ERROR;
				CLANG_WARN_UNREACHABLE_CODE = YES;
				CLANG_WARN__DUPLICATE_METHOD_MATCH = YES;
				CODE_SIGN_IDENTITY = "-";
				COPY_PHASE_STRIP = NO;
				DEBUG_INFORMATION_FORMAT = "dwarf-with-dsym";
				ENABLE_NS_ASSERTIONS = NO;
				ENABLE_STRICT_OBJC_MSGSEND = YES;
				GCC_C_LANGUAGE_STANDARD = gnu99;
				GCC_NO_COMMON_BLOCKS = YES;
				GCC_WARN_64_TO_32_BIT_CONVERSION = YES;
				GCC_WARN_ABOUT_RETURN_TYPE = YES_ERROR;
				GCC_WARN_UNDECLARED_SELECTOR = YES;
				GCC_WARN_UNINITIALIZED_AUTOS = YES_AGGRESSIVE;
				GCC_WARN_UNUSED_FUNCTION = YES;
				GCC_WARN_UNUSED_VARIABLE = YES;
				MACOSX_DEPLOYMENT_TARGET = 10.11;
				MTL_ENABLE_DEBUG_INFO = NO;
				SDKROOT = macosx;
			};
			name = Release;
		};
		72F7F9E01C29787000B16D76 /* Debug */ = {
			isa = XCBuildConfiguration;
			buildSettings = {
				ASSETCATALOG_COMPILER_APPICON_NAME = AppIcon;
				COMBINE_HIDPI_IMAGES = YES;
				INFOPLIST_FILE = Snippets/Info.plist;
				LD_RUNPATH_SEARCH_PATHS = "$(inherited) @executable_path/../Frameworks";
				PRODUCT_BUNDLE_IDENTIFIER = com.baevsoft.Snippets;
				PRODUCT_NAME = "$(TARGET_NAME)";
			};
			name = Debug;
		};
		72F7F9E11C29787000B16D76 /* Release */ = {
			isa = XCBuildConfiguration;
			buildSettings = {
				ASSETCATALOG_COMPILER_APPICON_NAME = AppIcon;
				COMBINE_HIDPI_IMAGES = YES;
				INFOPLIST_FILE = Snippets/Info.plist;
				LD_RUNPATH_SEARCH_PATHS = "$(inherited) @executable_path/../Frameworks";
				PRODUCT_BUNDLE_IDENTIFIER = com.baevsoft.Snippets;
				PRODUCT_NAME = "$(TARGET_NAME)";
			};
			name = Release;
		};
/* End XCBuildConfiguration section */

/* Begin XCConfigurationList section */
		72AA02191C2984FB00838382 /* Build configuration list for PBXNativeTarget "SnippetsTests" */ = {
			isa = XCConfigurationList;
			buildConfigurations = (
				72AA021A1C2984FB00838382 /* Debug */,
				72AA021B1C2984FB00838382 /* Release */,
			);
			defaultConfigurationIsVisible = 0;
			defaultConfigurationName = Release;
		};
		72F7F9C91C29787000B16D76 /* Build configuration list for PBXProject "Snippets" */ = {
			isa = XCConfigurationList;
			buildConfigurations = (
				72F7F9DD1C29787000B16D76 /* Debug */,
				72F7F9DE1C29787000B16D76 /* Release */,
			);
			defaultConfigurationIsVisible = 0;
			defaultConfigurationName = Release;
		};
		72F7F9DF1C29787000B16D76 /* Build configuration list for PBXNativeTarget "Snippets" */ = {
			isa = XCConfigurationList;
			buildConfigurations = (
				72F7F9E01C29787000B16D76 /* Debug */,
				72F7F9E11C29787000B16D76 /* Release */,
			);
			defaultConfigurationIsVisible = 0;
			defaultConfigurationName = Release;
		};
/* End XCConfigurationList section */
	};
	rootObject = 72F7F9C61C29787000B16D76 /* Project object */;
}
